
Microsoft Visual Studio Solution File, Format Version 12.00
# Visual Studio Version 17
VisualStudioVersion = 17.9.34728.123
MinimumVisualStudioVersion = 10.0.40219.1
Project("{FAE04EC0-301F-11D3-BF4B-00C04F79EFBC}") = "iLG.API", "iLG.API\iLG.API.csproj", "{42FD2686-9C20-4D5B-A1DA-4FC8A3878D66}"
EndProject
Global
	GlobalSection(SolutionConfigurationPlatforms) = preSolution
		Debug|Any CPU = Debug|Any CPU
		Release|Any CPU = Release|Any CPU
	EndGlobalSection
	GlobalSection(ProjectConfigurationPlatforms) = postSolution
		{42FD2686-9C20-4D5B-A1DA-4FC8A3878D66}.Debug|Any CPU.ActiveCfg = Debug|Any CPU
		{42FD2686-9C20-4D5B-A1DA-4FC8A3878D66}.Debug|Any CPU.Build.0 = Debug|Any CPU
		{42FD2686-9C20-4D5B-A1DA-4FC8A3878D66}.Release|Any CPU.ActiveCfg = Release|Any CPU
		{42FD2686-9C20-4D5B-A1DA-4FC8A3878D66}.Release|Any CPU.Build.0 = Release|Any CPU
	EndGlobalSection
	GlobalSection(SolutionProperties) = preSolution
		HideSolutionNode = FALSE
	EndGlobalSection
	GlobalSection(ExtensibilityGlobals) = postSolution
		SolutionGuid = {360E94C7-C36B-475C-A830-747DD51F33C8}
	EndGlobalSection
EndGlobal
