
Microsoft Visual Studio Solution File, Format Version 12.00
# Visual Studio Version 17
VisualStudioVersion = 17.9.34728.123
MinimumVisualStudioVersion = 10.0.40219.1
Project("{9A19103F-16F7-4668-BE54-9A1E7A4F7556}") = "iLG.API", "iLG.API\iLG.API.csproj", "{42FD2686-9C20-4D5B-A1DA-4FC8A3878D66}"
EndProject
Project("{9A19103F-16F7-4668-BE54-9A1E7A4F7556}") = "iLG.Domain", "iLG.Domain\iLG.Domain.csproj", "{C5029022-775C-4023-8388-5DF003B94CD3}"
EndProject
Project("{9A19103F-16F7-4668-BE54-9A1E7A4F7556}") = "iLG.Infrastructure", "iLG.Infrastructure\iLG.Infrastructure.csproj", "{08463640-CC14-4DA7-B08D-622BD3B19D9A}"
EndProject
Project("{E53339B2-1760-4266-BCC7-CA923CBCF16C}") = "docker-compose", "iLG.Docker\docker-compose.dcproj", "{2BFE84EA-5A00-4D9D-A361-DEE24016C428}"
EndProject
Global
	GlobalSection(SolutionConfigurationPlatforms) = preSolution
		Debug|Any CPU = Debug|Any CPU
		Release|Any CPU = Release|Any CPU
	EndGlobalSection
	GlobalSection(ProjectConfigurationPlatforms) = postSolution
		{42FD2686-9C20-4D5B-A1DA-4FC8A3878D66}.Debug|Any CPU.ActiveCfg = Debug|Any CPU
		{42FD2686-9C20-4D5B-A1DA-4FC8A3878D66}.Debug|Any CPU.Build.0 = Debug|Any CPU
		{42FD2686-9C20-4D5B-A1DA-4FC8A3878D66}.Release|Any CPU.ActiveCfg = Release|Any CPU
		{42FD2686-9C20-4D5B-A1DA-4FC8A3878D66}.Release|Any CPU.Build.0 = Release|Any CPU
		{C5029022-775C-4023-8388-5DF003B94CD3}.Debug|Any CPU.ActiveCfg = Debug|Any CPU
		{C5029022-775C-4023-8388-5DF003B94CD3}.Debug|Any CPU.Build.0 = Debug|Any CPU
		{C5029022-775C-4023-8388-5DF003B94CD3}.Release|Any CPU.ActiveCfg = Release|Any CPU
		{C5029022-775C-4023-8388-5DF003B94CD3}.Release|Any CPU.Build.0 = Release|Any CPU
		{08463640-CC14-4DA7-B08D-622BD3B19D9A}.Debug|Any CPU.ActiveCfg = Debug|Any CPU
		{08463640-CC14-4DA7-B08D-622BD3B19D9A}.Debug|Any CPU.Build.0 = Debug|Any CPU
		{08463640-CC14-4DA7-B08D-622BD3B19D9A}.Release|Any CPU.ActiveCfg = Release|Any CPU
		{08463640-CC14-4DA7-B08D-622BD3B19D9A}.Release|Any CPU.Build.0 = Release|Any CPU
		{2BFE84EA-5A00-4D9D-A361-DEE24016C428}.Debug|Any CPU.ActiveCfg = Debug|Any CPU
		{2BFE84EA-5A00-4D9D-A361-DEE24016C428}.Debug|Any CPU.Build.0 = Debug|Any CPU
		{2BFE84EA-5A00-4D9D-A361-DEE24016C428}.Release|Any CPU.ActiveCfg = Release|Any CPU
		{2BFE84EA-5A00-4D9D-A361-DEE24016C428}.Release|Any CPU.Build.0 = Release|Any CPU
	EndGlobalSection
	GlobalSection(SolutionProperties) = preSolution
		HideSolutionNode = FALSE
	EndGlobalSection
	GlobalSection(ExtensibilityGlobals) = postSolution
		SolutionGuid = {360E94C7-C36B-475C-A830-747DD51F33C8}
	EndGlobalSection
EndGlobal
